{
  "name": "@startpage/theming",
  "version": "0.1.0-alpha.12",
  "lockfileVersion": 2,
  "requires": true,
  "packages": {
    "": {
      "name": "@startpage/theming",
      "version": "0.1.0-alpha.9",
      "license": "MIT",
      "dependencies": {
        "@startpage/local-storage": "file:../local-storage"
      }
    },
    "../local-storage": {
      "name": "@startpage/local-storage",
      "version": "0.1.0-alpha.9",
      "license": "MIT"
    },
    "node_modules/@startpage/local-storage": {
      "resolved": "../local-storage",
      "link": true
    }
  },
  "dependencies": {
    "@startpage/local-storage": {
      "version": "file:../local-storage"
    }
  }
}
